
Microsoft Visual Studio Solution File, Format Version 12.00
# Visual Studio Version 16
VisualStudioVersion = 16.0.30907.101
MinimumVisualStudioVersion = 10.0.40219.1
Project("{FAE04EC0-301F-11D3-BF4B-00C04F79EFBC}") = "Blood Bank", "Blood Bank\Blood Bank.csproj", "{545BF70E-656D-4CBB-9F46-5227737943F0}"
EndProject
Global
	GlobalSection(SolutionConfigurationPlatforms) = preSolution
		Debug|Any CPU = Debug|Any CPU
		Release|Any CPU = Release|Any CPU
	EndGlobalSection
	GlobalSection(ProjectConfigurationPlatforms) = postSolution
		{545BF70E-656D-4CBB-9F46-5227737943F0}.Debug|Any CPU.ActiveCfg = Debug|Any CPU
		{545BF70E-656D-4CBB-9F46-5227737943F0}.Debug|Any CPU.Build.0 = Debug|Any CPU
		{545BF70E-656D-4CBB-9F46-5227737943F0}.Release|Any CPU.ActiveCfg = Release|Any CPU
		{545BF70E-656D-4CBB-9F46-5227737943F0}.Release|Any CPU.Build.0 = Release|Any CPU
	EndGlobalSection
	GlobalSection(SolutionProperties) = preSolution
		HideSolutionNode = FALSE
	EndGlobalSection
	GlobalSection(ExtensibilityGlobals) = postSolution
		SolutionGuid = {D6BCCC2B-9562-424F-9969-FD41D09667EC}
	EndGlobalSection
EndGlobal
